// !$*UTF8*$!
{
	archiveVersion = 1;
	classes = {
	};
	objectVersion = 50;
	objects = {

/* Begin PBXBuildFile section */
		6E6BCCCF24BD2C3500D9D3A9 /* AppDelegate.swift in Sources */ = {isa = PBXBuildFile; fileRef = 6E6BCCCE24BD2C3500D9D3A9 /* AppDelegate.swift */; };
		6E6BCCD124BD2C3500D9D3A9 /* SceneDelegate.swift in Sources */ = {isa = PBXBuildFile; fileRef = 6E6BCCD024BD2C3500D9D3A9 /* SceneDelegate.swift */; };
		6E6BCCD324BD2C3500D9D3A9 /* ContentView.swift in Sources */ = {isa = PBXBuildFile; fileRef = 6E6BCCD224BD2C3500D9D3A9 /* ContentView.swift */; };
		6E6BCCD524BD2C3600D9D3A9 /* Assets.xcassets in Resources */ = {isa = PBXBuildFile; fileRef = 6E6BCCD424BD2C3600D9D3A9 /* Assets.xcassets */; };
		6E6BCCD824BD2C3600D9D3A9 /* Preview Assets.xcassets in Resources */ = {isa = PBXBuildFile; fileRef = 6E6BCCD724BD2C3600D9D3A9 /* Preview Assets.xcassets */; };
		6E6BCCDB24BD2C3600D9D3A9 /* LaunchScreen.storyboard in Resources */ = {isa = PBXBuildFile; fileRef = 6E6BCCD924BD2C3600D9D3A9 /* LaunchScreen.storyboard */; };
		6E6BCCE324BD2CAB00D9D3A9 /* Router.swift in Sources */ = {isa = PBXBuildFile; fileRef = 6E6BCCE224BD2CAB00D9D3A9 /* Router.swift */; };
/* End PBXBuildFile section */

/* Begin PBXFileReference section */
		6E6BCCCB24BD2C3500D9D3A9 /* LinkingAndRouting.app */ = {isa = PBXFileReference; explicitFileType = wrapper.application; includeInIndex = 0; path = LinkingAndRouting.app; sourceTree = BUILT_PRODUCTS_DIR; };
		6E6BCCCE24BD2C3500D9D3A9 /* AppDelegate.swift */ = {isa = PBXFileReference; lastKnownFileType = sourcecode.swift; path = AppDelegate.swift; sourceTree = "<group>"; };
		6E6BCCD024BD2C3500D9D3A9 /* SceneDelegate.swift */ = {isa = PBXFileReference; lastKnownFileType = sourcecode.swift; path = SceneDelegate.swift; sourceTree = "<group>"; };
		6E6BCCD224BD2C3500D9D3A9 /* ContentView.swift */ = {isa = PBXFileReference; lastKnownFileType = sourcecode.swift; path = ContentView.swift; sourceTree = "<group>"; };
		6E6BCCD424BD2C3600D9D3A9 /* Assets.xcassets */ = {isa = PBXFileReference; lastKnownFileType = folder.assetcatalog; path = Assets.xcassets; sourceTree = "<group>"; };
		6E6BCCD724BD2C3600D9D3A9 /* Preview Assets.xcassets */ = {isa = PBXFileReference; lastKnownFileType = folder.assetcatalog; path = "Preview Assets.xcassets"; sourceTree = "<group>"; };
		6E6BCCDA24BD2C3600D9D3A9 /* Base */ = {isa = PBXFileReference; lastKnownFileType = file.storyboard; name = Base; path = Base.lproj/LaunchScreen.storyboard; sourceTree = "<group>"; };
		6E6BCCDC24BD2C3600D9D3A9 /* Info.plist */ = {isa = PBXFileReference; lastKnownFileType = text.plist.xml; path = Info.plist; sourceTree = "<group>"; };
		6E6BCCE224BD2CAB00D9D3A9 /* Router.swift */ = {isa = PBXFileReference; lastKnownFileType = sourcecode.swift; path = Router.swift; sourceTree = "<group>"; };
/* End PBXFileReference section */

/* Begin PBXFrameworksBuildPhase section */
		6E6BCCC824BD2C3500D9D3A9 /* Frameworks */ = {
			isa = PBXFrameworksBuildPhase;
			buildActionMask = 2147483647;
			files = (
			);
			runOnlyForDeploymentPostprocessing = 0;
		};
/* End PBXFrameworksBuildPhase section */

/* Begin PBXGroup section */
		6E6BCCC224BD2C3500D9D3A9 = {
			isa = PBXGroup;
			children = (
				6E6BCCCD24BD2C3500D9D3A9 /* LinkingAndRouting */,
				6E6BCCCC24BD2C3500D9D3A9 /* Products */,
			);
			sourceTree = "<group>";
		};
		6E6BCCCC24BD2C3500D9D3A9 /* Products */ = {
			isa = PBXGroup;
			children = (
				6E6BCCCB24BD2C3500D9D3A9 /* LinkingAndRouting.app */,
			);
			name = Products;
			sourceTree = "<group>";
		};
		6E6BCCCD24BD2C3500D9D3A9 /* LinkingAndRouting */ = {
			isa = PBXGroup;
			children = (
				6E6BCCCE24BD2C3500D9D3A9 /* AppDelegate.swift */,
				6E6BCCD024BD2C3500D9D3A9 /* SceneDelegate.swift */,
				6E6BCCE224BD2CAB00D9D3A9 /* Router.swift */,
				6E6BCCD224BD2C3500D9D3A9 /* ContentView.swift */,
				6E6BCCD424BD2C3600D9D3A9 /* Assets.xcassets */,
				6E6BCCD924BD2C3600D9D3A9 /* LaunchScreen.storyboard */,
				6E6BCCDC24BD2C3600D9D3A9 /* Info.plist */,
				6E6BCCD624BD2C3600D9D3A9 /* Preview Content */,
			);
			path = LinkingAndRouting;
			sourceTree = "<group>";
		};
		6E6BCCD624BD2C3600D9D3A9 /* Preview Content */ = {
			isa = PBXGroup;
			children = (
				6E6BCCD724BD2C3600D9D3A9 /* Preview Assets.xcassets */,
			);
			path = "Preview Content";
			sourceTree = "<group>";
		};
/* End PBXGroup section */

/* Begin PBXNativeTarget section */
		6E6BCCCA24BD2C3500D9D3A9 /* LinkingAndRouting */ = {
			isa = PBXNativeTarget;
			buildConfigurationList = 6E6BCCDF24BD2C3600D9D3A9 /* Build configuration list for PBXNativeTarget "LinkingAndRouting" */;
			buildPhases = (
				6E6BCCC724BD2C3500D9D3A9 /* Sources */,
				6E6BCCC824BD2C3500D9D3A9 /* Frameworks */,
				6E6BCCC924BD2C3500D9D3A9 /* Resources */,
			);
			buildRules = (
			);
			dependencies = (
			);
			name = LinkingAndRouting;
			productName = LinkingAndRouting;
			productReference = 6E6BCCCB24BD2C3500D9D3A9 /* LinkingAndRouting.app */;
			productType = "com.apple.product-type.application";
		};
/* End PBXNativeTarget section */

/* Begin PBXProject section */
		6E6BCCC324BD2C3500D9D3A9 /* Project object */ = {
			isa = PBXProject;
			attributes = {
				LastSwiftUpdateCheck = 1150;
				LastUpgradeCheck = 1150;
				ORGANIZATIONNAME = "Alexandre Laurin";
				TargetAttributes = {
					6E6BCCCA24BD2C3500D9D3A9 = {
						CreatedOnToolsVersion = 11.5;
					};
				};
			};
			buildConfigurationList = 6E6BCCC624BD2C3500D9D3A9 /* Build configuration list for PBXProject "LinkingAndRouting" */;
			compatibilityVersion = "Xcode 9.3";
			developmentRegion = en;
			hasScannedForEncodings = 0;
			knownRegions = (
				en,
				Base,
			);
			mainGroup = 6E6BCCC224BD2C3500D9D3A9;
			productRefGroup = 6E6BCCCC24BD2C3500D9D3A9 /* Products */;
			projectDirPath = "";
			projectRoot = "";
			targets = (
				6E6BCCCA24BD2C3500D9D3A9 /* LinkingAndRouting */,
			);
		};
/* End PBXProject section */

/* Begin PBXResourcesBuildPhase section */
		6E6BCCC924BD2C3500D9D3A9 /* Resources */ = {
			isa = PBXResourcesBuildPhase;
			buildActionMask = 2147483647;
			files = (
				6E6BCCDB24BD2C3600D9D3A9 /* LaunchScreen.storyboard in Resources */,
				6E6BCCD824BD2C3600D9D3A9 /* Preview Assets.xcassets in Resources */,
				6E6BCCD524BD2C3600D9D3A9 /* Assets.xcassets in Resources */,
			);
			runOnlyForDeploymentPostprocessing = 0;
		};
/* End PBXResourcesBuildPhase section */

/* Begin PBXSourcesBuildPhase section */
		6E6BCCC724BD2C3500D9D3A9 /* Sources */ = {
			isa = PBXSourcesBuildPhase;
			buildActionMask = 2147483647;
			files = (
				6E6BCCE324BD2CAB00D9D3A9 /* Router.swift in Sources */,
				6E6BCCCF24BD2C3500D9D3A9 /* AppDelegate.swift in Sources */,
				6E6BCCD124BD2C3500D9D3A9 /* SceneDelegate.swift in Sources */,
				6E6BCCD324BD2C3500D9D3A9 /* ContentView.swift in Sources */,
			);
			runOnlyForDeploymentPostprocessing = 0;
		};
/* End PBXSourcesBuildPhase section */

/* Begin PBXVariantGroup section */
		6E6BCCD924BD2C3600D9D3A9 /* LaunchScreen.storyboard */ = {
			isa = PBXVariantGroup;
			children = (
				6E6BCCDA24BD2C3600D9D3A9 /* Base */,
			);
			name = LaunchScreen.storyboard;
			sourceTree = "<group>";
		};
/* End PBXVariantGroup section */

/* Begin XCBuildConfiguration section */
		6E6BCCDD24BD2C3600D9D3A9 /* Debug */ = {
			isa = XCBuildConfiguration;
			buildSettings = {
				ALWAYS_SEARCH_USER_PATHS = NO;
				CLANG_ANALYZER_NONNULL = YES;
				CLANG_ANALYZER_NUMBER_OBJECT_CONVERSION = YES_AGGRESSIVE;
				CLANG_CXX_LANGUAGE_STANDARD = "gnu++14";
				CLANG_CXX_LIBRARY = "libc++";
				CLANG_ENABLE_MODULES = YES;
				CLANG_ENABLE_OBJC_ARC = YES;
				CLANG_ENABLE_OBJC_WEAK = YES;
				CLANG_WARN_BLOCK_CAPTURE_AUTORELEASING = YES;
				CLANG_WARN_BOOL_CONVERSION = YES;
				CLANG_WARN_COMMA = YES;
				CLANG_WARN_CONSTANT_CONVERSION = YES;
				CLANG_WARN_DEPRECATED_OBJC_IMPLEMENTATIONS = YES;
				CLANG_WARN_DIRECT_OBJC_ISA_USAGE = YES_ERROR;
				CLANG_WARN_DOCUMENTATION_COMMENTS = YES;
				CLANG_WARN_EMPTY_BODY = YES;
				CLANG_WARN_ENUM_CONVERSION = YES;
				CLANG_WARN_INFINITE_RECURSION = YES;
				CLANG_WARN_INT_CONVERSION = YES;
				CLANG_WARN_NON_LITERAL_NULL_CONVERSION = YES;
				CLANG_WARN_OBJC_IMPLICIT_RETAIN_SELF = YES;
				CLANG_WARN_OBJC_LITERAL_CONVERSION = YES;
				CLANG_WARN_OBJC_ROOT_CLASS = YES_ERROR;
				CLANG_WARN_RANGE_LOOP_ANALYSIS = YES;
				CLANG_WARN_STRICT_PROTOTYPES = YES;
				CLANG_WARN_SUSPICIOUS_MOVE = YES;
				CLANG_WARN_UNGUARDED_AVAILABILITY = YES_AGGRESSIVE;
				CLANG_WARN_UNREACHABLE_CODE = YES;
				CLANG_WARN__DUPLICATE_METHOD_MATCH = YES;
				COPY_PHASE_STRIP = NO;
				DEBUG_INFORMATION_FORMAT = dwarf;
				ENABLE_STRICT_OBJC_MSGSEND = YES;
				ENABLE_TESTABILITY = YES;
				GCC_C_LANGUAGE_STANDARD = gnu11;
				GCC_DYNAMIC_NO_PIC = NO;
				GCC_NO_COMMON_BLOCKS = YES;
				GCC_OPTIMIZATION_LEVEL = 0;
				GCC_PREPROCESSOR_DEFINITIONS = (
					"DEBUG=1",
					"$(inherited)",
				);
				GCC_WARN_64_TO_32_BIT_CONVERSION = YES;
				GCC_WARN_ABOUT_RETURN_TYPE = YES_ERROR;
				GCC_WARN_UNDECLARED_SELECTOR = YES;
				GCC_WARN_UNINITIALIZED_AUTOS = YES_AGGRESSIVE;
				GCC_WARN_UNUSED_FUNCTION = YES;
				GCC_WARN_UNUSED_VARIABLE = YES;
				IPHONEOS_DEPLOYMENT_TARGET = 13.5;
				MTL_ENABLE_DEBUG_INFO = INCLUDE_SOURCE;
				MTL_FAST_MATH = YES;
				ONLY_ACTIVE_ARCH = YES;
				SDKROOT = iphoneos;
				SWIFT_ACTIVE_COMPILATION_CONDITIONS = DEBUG;
				SWIFT_OPTIMIZATION_LEVEL = "-Onone";
			};
			name = Debug;
		};
		6E6BCCDE24BD2C3600D9D3A9 /* Release */ = {
			isa = XCBuildConfiguration;
			buildSettings = {
				ALWAYS_SEARCH_USER_PATHS = NO;
				CLANG_ANALYZER_NONNULL = YES;
				CLANG_ANALYZER_NUMBER_OBJECT_CONVERSION = YES_AGGRESSIVE;
				CLANG_CXX_LANGUAGE_STANDARD = "gnu++14";
				CLANG_CXX_LIBRARY = "libc++";
				CLANG_ENABLE_MODULES = YES;
				CLANG_ENABLE_OBJC_ARC = YES;
				CLANG_ENABLE_OBJC_WEAK = YES;
				CLANG_WARN_BLOCK_CAPTURE_AUTORELEASING = YES;
				CLANG_WARN_BOOL_CONVERSION = YES;
				CLANG_WARN_COMMA = YES;
				CLANG_WARN_CONSTANT_CONVERSION = YES;
				CLANG_WARN_DEPRECATED_OBJC_IMPLEMENTATIONS = YES;
				CLANG_WARN_DIRECT_OBJC_ISA_USAGE = YES_ERROR;
				CLANG_WARN_DOCUMENTATION_COMMENTS = YES;
				CLANG_WARN_EMPTY_BODY = YES;
				CLANG_WARN_ENUM_CONVERSION = YES;
				CLANG_WARN_INFINITE_RECURSION = YES;
				CLANG_WARN_INT_CONVERSION = YES;
				CLANG_WARN_NON_LITERAL_NULL_CONVERSION = YES;
				CLANG_WARN_OBJC_IMPLICIT_RETAIN_SELF = YES;
				CLANG_WARN_OBJC_LITERAL_CONVERSION = YES;
				CLANG_WARN_OBJC_ROOT_CLASS = YES_ERROR;
				CLANG_WARN_RANGE_LOOP_ANALYSIS = YES;
				CLANG_WARN_STRICT_PROTOTYPES = YES;
				CLANG_WARN_SUSPICIOUS_MOVE = YES;
				CLANG_WARN_UNGUARDED_AVAILABILITY = YES_AGGRESSIVE;
				CLANG_WARN_UNREACHABLE_CODE = YES;
				CLANG_WARN__DUPLICATE_METHOD_MATCH = YES;
				COPY_PHASE_STRIP = NO;
				DEBUG_INFORMATION_FORMAT = "dwarf-with-dsym";
				ENABLE_NS_ASSERTIONS = NO;
				ENABLE_STRICT_OBJC_MSGSEND = YES;
				GCC_C_LANGUAGE_STANDARD = gnu11;
				GCC_NO_COMMON_BLOCKS = YES;
				GCC_WARN_64_TO_32_BIT_CONVERSION = YES;
				GCC_WARN_ABOUT_RETURN_TYPE = YES_ERROR;
				GCC_WARN_UNDECLARED_SELECTOR = YES;
				GCC_WARN_UNINITIALIZED_AUTOS = YES_AGGRESSIVE;
				GCC_WARN_UNUSED_FUNCTION = YES;
				GCC_WARN_UNUSED_VARIABLE = YES;
				IPHONEOS_DEPLOYMENT_TARGET = 13.5;
				MTL_ENABLE_DEBUG_INFO = NO;
				MTL_FAST_MATH = YES;
				SDKROOT = iphoneos;
				SWIFT_COMPILATION_MODE = wholemodule;
				SWIFT_OPTIMIZATION_LEVEL = "-O";
				VALIDATE_PRODUCT = YES;
			};
			name = Release;
		};
		6E6BCCE024BD2C3600D9D3A9 /* Debug */ = {
			isa = XCBuildConfiguration;
			buildSettings = {
				ASSETCATALOG_COMPILER_APPICON_NAME = AppIcon;
				CODE_SIGN_STYLE = Automatic;
				DEVELOPMENT_ASSET_PATHS = "\"LinkingAndRouting/Preview Content\"";
				DEVELOPMENT_TEAM = LDF8KBK2SH;
				ENABLE_PREVIEWS = YES;
				INFOPLIST_FILE = LinkingAndRouting/Info.plist;
				LD_RUNPATH_SEARCH_PATHS = (
					"$(inherited)",
					"@executable_path/Frameworks",
				);
				PRODUCT_BUNDLE_IDENTIFIER = com.verily.affogato.LinkingAndRouting;
				PRODUCT_NAME = "$(TARGET_NAME)";
				SWIFT_VERSION = 5.0;
				TARGETED_DEVICE_FAMILY = "1,2";
			};
			name = Debug;
		};
		6E6BCCE124BD2C3600D9D3A9 /* Release */ = {
			isa = XCBuildConfiguration;
			buildSettings = {
				ASSETCATALOG_COMPILER_APPICON_NAME = AppIcon;
				CODE_SIGN_STYLE = Automatic;
				DEVELOPMENT_ASSET_PATHS = "\"LinkingAndRouting/Preview Content\"";
				DEVELOPMENT_TEAM = LDF8KBK2SH;
				ENABLE_PREVIEWS = YES;
				INFOPLIST_FILE = LinkingAndRouting/Info.plist;
				LD_RUNPATH_SEARCH_PATHS = (
					"$(inherited)",
					"@executable_path/Frameworks",
				);
				PRODUCT_BUNDLE_IDENTIFIER = com.verily.affogato.LinkingAndRouting;
				PRODUCT_NAME = "$(TARGET_NAME)";
				SWIFT_VERSION = 5.0;
				TARGETED_DEVICE_FAMILY = "1,2";
			};
			name = Release;
		};
/* End XCBuildConfiguration section */

/* Begin XCConfigurationList section */
		6E6BCCC624BD2C3500D9D3A9 /* Build configuration list for PBXProject "LinkingAndRouting" */ = {
			isa = XCConfigurationList;
			buildConfigurations = (
				6E6BCCDD24BD2C3600D9D3A9 /* Debug */,
				6E6BCCDE24BD2C3600D9D3A9 /* Release */,
			);
			defaultConfigurationIsVisible = 0;
			defaultConfigurationName = Release;
		};
		6E6BCCDF24BD2C3600D9D3A9 /* Build configuration list for PBXNativeTarget "LinkingAndRouting" */ = {
			isa = XCConfigurationList;
			buildConfigurations = (
				6E6BCCE024BD2C3600D9D3A9 /* Debug */,
				6E6BCCE124BD2C3600D9D3A9 /* Release */,
			);
			defaultConfigurationIsVisible = 0;
			defaultConfigurationName = Release;
		};
/* End XCConfigurationList section */
	};
	rootObject = 6E6BCCC324BD2C3500D9D3A9 /* Project object */;
}
